
Microsoft Visual Studio Solution File, Format Version 12.00
# Visual Studio 2012
Project("{2150E333-8FDC-42A3-9474-1A3956D46DE8}") = "Strategy", "Strategy", "{64861311-29EE-4AF6-8A28-0665F9A4B960}"
EndProject
Project("{2150E333-8FDC-42A3-9474-1A3956D46DE8}") = "Observer", "Observer", "{794A1D5A-98CE-4A0A-BEF1-F59A2F8C217D}"
EndProject
Project("{FAE04EC0-301F-11D3-BF4B-00C04F79EFBC}") = "SimUDuck", "src\Stategy\SimUDuck\SimUDuck.csproj", "{AF621180-F7D7-46C7-993A-C129BD0FD54A}"
EndProject
Project("{FAE04EC0-301F-11D3-BF4B-00C04F79EFBC}") = "SimUDuck.App", "src\Stategy\SimUDuck.App\SimUDuck.App.csproj", "{090F4466-4CE5-450E-A468-018CC7AFC639}"
EndProject
Project("{FAE04EC0-301F-11D3-BF4B-00C04F79EFBC}") = "AdventureGame", "src\Stategy\AdventureGame\AdventureGame.csproj", "{E60D243B-51F0-42A0-8F07-313F64169699}"
EndProject
Project("{FAE04EC0-301F-11D3-BF4B-00C04F79EFBC}") = "AdventureGame.Tests", "src\Stategy\AdventureGame.Tests\AdventureGame.Tests.csproj", "{D9817AA5-270F-4ED3-9622-EE16FF622674}"
EndProject
Project("{FAE04EC0-301F-11D3-BF4B-00C04F79EFBC}") = "WeatherORama", "src\Observer\WeatherORama\WeatherORama.csproj", "{49ECE120-21AE-40A1-B639-F7B9D9D9C6E6}"
EndProject
Project("{FAE04EC0-301F-11D3-BF4B-00C04F79EFBC}") = "WeatherORama.Tests", "src\Observer\WeatherORama.Tests\WeatherORama.Tests.csproj", "{CFC60F5A-1CE5-4FA5-BC03-20B46BB9CCBC}"
EndProject
Project("{2150E333-8FDC-42A3-9474-1A3956D46DE8}") = ".nuget", ".nuget", "{C5630D4E-FE86-4D3F-9073-93971204102F}"
	ProjectSection(SolutionItems) = preProject
		.nuget\NuGet.Config = .nuget\NuGet.Config
		.nuget\NuGet.targets = .nuget\NuGet.targets
		.nuget\nuget.exe = .nuget\nuget.exe
	EndProjectSection
EndProject
Project("{FAE04EC0-301F-11D3-BF4B-00C04F79EFBC}") = "WeatherORama.Framework4", "src\Observer\WeatherORama.Framework4\WeatherORama.Framework4.csproj", "{55492A60-7440-409B-8A88-0A3B147BFF3A}"
EndProject
Project("{FAE04EC0-301F-11D3-BF4B-00C04F79EFBC}") = "WeatherORama.Framework4.WeatherMonitoring", "src\Observer\WeatherORama.Framework4.WeatherMonitoring\WeatherORama.Framework4.WeatherMonitoring.csproj", "{BDE193CD-01BC-41E4-8977-2B5DF9B0F2BC}"
EndProject
Global
	GlobalSection(SolutionConfigurationPlatforms) = preSolution
		Debug|Any CPU = Debug|Any CPU
		Release|Any CPU = Release|Any CPU
	EndGlobalSection
	GlobalSection(ProjectConfigurationPlatforms) = postSolution
		{090F4466-4CE5-450E-A468-018CC7AFC639}.Debug|Any CPU.ActiveCfg = Debug|Any CPU
		{090F4466-4CE5-450E-A468-018CC7AFC639}.Debug|Any CPU.Build.0 = Debug|Any CPU
		{090F4466-4CE5-450E-A468-018CC7AFC639}.Release|Any CPU.ActiveCfg = Release|Any CPU
		{090F4466-4CE5-450E-A468-018CC7AFC639}.Release|Any CPU.Build.0 = Release|Any CPU
		{49ECE120-21AE-40A1-B639-F7B9D9D9C6E6}.Debug|Any CPU.ActiveCfg = Debug|Any CPU
		{49ECE120-21AE-40A1-B639-F7B9D9D9C6E6}.Debug|Any CPU.Build.0 = Debug|Any CPU
		{49ECE120-21AE-40A1-B639-F7B9D9D9C6E6}.Release|Any CPU.ActiveCfg = Release|Any CPU
		{49ECE120-21AE-40A1-B639-F7B9D9D9C6E6}.Release|Any CPU.Build.0 = Release|Any CPU
		{55492A60-7440-409B-8A88-0A3B147BFF3A}.Debug|Any CPU.ActiveCfg = Debug|Any CPU
		{55492A60-7440-409B-8A88-0A3B147BFF3A}.Debug|Any CPU.Build.0 = Debug|Any CPU
		{55492A60-7440-409B-8A88-0A3B147BFF3A}.Release|Any CPU.ActiveCfg = Release|Any CPU
		{55492A60-7440-409B-8A88-0A3B147BFF3A}.Release|Any CPU.Build.0 = Release|Any CPU
		{AF621180-F7D7-46C7-993A-C129BD0FD54A}.Debug|Any CPU.ActiveCfg = Debug|Any CPU
		{AF621180-F7D7-46C7-993A-C129BD0FD54A}.Debug|Any CPU.Build.0 = Debug|Any CPU
		{AF621180-F7D7-46C7-993A-C129BD0FD54A}.Release|Any CPU.ActiveCfg = Release|Any CPU
		{AF621180-F7D7-46C7-993A-C129BD0FD54A}.Release|Any CPU.Build.0 = Release|Any CPU
		{BDE193CD-01BC-41E4-8977-2B5DF9B0F2BC}.Debug|Any CPU.ActiveCfg = Debug|Any CPU
		{BDE193CD-01BC-41E4-8977-2B5DF9B0F2BC}.Debug|Any CPU.Build.0 = Debug|Any CPU
		{BDE193CD-01BC-41E4-8977-2B5DF9B0F2BC}.Release|Any CPU.ActiveCfg = Release|Any CPU
		{BDE193CD-01BC-41E4-8977-2B5DF9B0F2BC}.Release|Any CPU.Build.0 = Release|Any CPU
		{CFC60F5A-1CE5-4FA5-BC03-20B46BB9CCBC}.Debug|Any CPU.ActiveCfg = Debug|Any CPU
		{CFC60F5A-1CE5-4FA5-BC03-20B46BB9CCBC}.Debug|Any CPU.Build.0 = Debug|Any CPU
		{CFC60F5A-1CE5-4FA5-BC03-20B46BB9CCBC}.Release|Any CPU.ActiveCfg = Release|Any CPU
		{CFC60F5A-1CE5-4FA5-BC03-20B46BB9CCBC}.Release|Any CPU.Build.0 = Release|Any CPU
		{D9817AA5-270F-4ED3-9622-EE16FF622674}.Debug|Any CPU.ActiveCfg = Debug|Any CPU
		{D9817AA5-270F-4ED3-9622-EE16FF622674}.Debug|Any CPU.Build.0 = Debug|Any CPU
		{D9817AA5-270F-4ED3-9622-EE16FF622674}.Release|Any CPU.ActiveCfg = Release|Any CPU
		{D9817AA5-270F-4ED3-9622-EE16FF622674}.Release|Any CPU.Build.0 = Release|Any CPU
		{E60D243B-51F0-42A0-8F07-313F64169699}.Debug|Any CPU.ActiveCfg = Debug|Any CPU
		{E60D243B-51F0-42A0-8F07-313F64169699}.Debug|Any CPU.Build.0 = Debug|Any CPU
		{E60D243B-51F0-42A0-8F07-313F64169699}.Release|Any CPU.ActiveCfg = Release|Any CPU
		{E60D243B-51F0-42A0-8F07-313F64169699}.Release|Any CPU.Build.0 = Release|Any CPU
	EndGlobalSection
	GlobalSection(SolutionProperties) = preSolution
		HideSolutionNode = FALSE
	EndGlobalSection
	GlobalSection(NestedProjects) = preSolution
		{090F4466-4CE5-450E-A468-018CC7AFC639} = {64861311-29EE-4AF6-8A28-0665F9A4B960}
		{49ECE120-21AE-40A1-B639-F7B9D9D9C6E6} = {794A1D5A-98CE-4A0A-BEF1-F59A2F8C217D}
		{55492A60-7440-409B-8A88-0A3B147BFF3A} = {794A1D5A-98CE-4A0A-BEF1-F59A2F8C217D}
		{AF621180-F7D7-46C7-993A-C129BD0FD54A} = {64861311-29EE-4AF6-8A28-0665F9A4B960}
		{BDE193CD-01BC-41E4-8977-2B5DF9B0F2BC} = {794A1D5A-98CE-4A0A-BEF1-F59A2F8C217D}
		{CFC60F5A-1CE5-4FA5-BC03-20B46BB9CCBC} = {794A1D5A-98CE-4A0A-BEF1-F59A2F8C217D}
		{D9817AA5-270F-4ED3-9622-EE16FF622674} = {64861311-29EE-4AF6-8A28-0665F9A4B960}
		{E60D243B-51F0-42A0-8F07-313F64169699} = {64861311-29EE-4AF6-8A28-0665F9A4B960}
	EndGlobalSection
EndGlobal
